
Microsoft Visual Studio Solution File, Format Version 12.00
# Visual Studio Version 16
VisualStudioVersion = 16.0.31402.337
MinimumVisualStudioVersion = 10.0.40219.1
Project("{FAE04EC0-301F-11D3-BF4B-00C04F79EFBC}") = "ChatApp", "ChatApp\ChatApp.csproj", "{EDFC1DE6-DAE6-4FA2-93DE-4DC6256DA62E}"
EndProject
Global
	GlobalSection(SolutionConfigurationPlatforms) = preSolution
		Debug|Any CPU = Debug|Any CPU
		Release|Any CPU = Release|Any CPU
	EndGlobalSection
	GlobalSection(ProjectConfigurationPlatforms) = postSolution
		{EDFC1DE6-DAE6-4FA2-93DE-4DC6256DA62E}.Debug|Any CPU.ActiveCfg = Debug|Any CPU
		{EDFC1DE6-DAE6-4FA2-93DE-4DC6256DA62E}.Debug|Any CPU.Build.0 = Debug|Any CPU
		{EDFC1DE6-DAE6-4FA2-93DE-4DC6256DA62E}.Release|Any CPU.ActiveCfg = Release|Any CPU
		{EDFC1DE6-DAE6-4FA2-93DE-4DC6256DA62E}.Release|Any CPU.Build.0 = Release|Any CPU
	EndGlobalSection
	GlobalSection(SolutionProperties) = preSolution
		HideSolutionNode = FALSE
	EndGlobalSection
	GlobalSection(ExtensibilityGlobals) = postSolution
		SolutionGuid = {C5586B4B-C55F-43AB-8F6B-5DC78CAABFA9}
	EndGlobalSection
EndGlobal
