
Microsoft Visual Studio Solution File, Format Version 12.00
# Visual Studio Version 16
VisualStudioVersion = 16.0.31313.79
MinimumVisualStudioVersion = 10.0.40219.1
Project("{FAE04EC0-301F-11D3-BF4B-00C04F79EFBC}") = "PositiveQuote", "PositiveQuote.csproj", "{FB841EAD-6630-43D0-BE75-81FFB36B17AD}"
EndProject
Global
	GlobalSection(SolutionConfigurationPlatforms) = preSolution
		Debug|Any CPU = Debug|Any CPU
		Release|Any CPU = Release|Any CPU
	EndGlobalSection
	GlobalSection(ProjectConfigurationPlatforms) = postSolution
		{FB841EAD-6630-43D0-BE75-81FFB36B17AD}.Debug|Any CPU.ActiveCfg = Debug|Any CPU
		{FB841EAD-6630-43D0-BE75-81FFB36B17AD}.Debug|Any CPU.Build.0 = Debug|Any CPU
		{FB841EAD-6630-43D0-BE75-81FFB36B17AD}.Release|Any CPU.ActiveCfg = Release|Any CPU
		{FB841EAD-6630-43D0-BE75-81FFB36B17AD}.Release|Any CPU.Build.0 = Release|Any CPU
	EndGlobalSection
	GlobalSection(SolutionProperties) = preSolution
		HideSolutionNode = FALSE
	EndGlobalSection
	GlobalSection(ExtensibilityGlobals) = postSolution
		SolutionGuid = {9A176405-6568-4987-8B2C-B468B4F242A4}
	EndGlobalSection
EndGlobal
